<?xml version="1.0" encoding="utf-8"?>
<Project ToolsVersion="4.0" xmlns="http://schemas.microsoft.com/developer/msbuild/2003">
  <ItemGroup>
    <Filter Include="Never Touch Ever">
      <UniqueIdentifier>{67DA6AB6-F800-4c08-8B7A-83BB121AAD01}</UniqueIdentifier>
      <Extensions>rc;ico;cur;bmp;dlg;rc2;rct;bin;rgs;gif;jpg;jpeg;jpe;resx;tiff;tif;png;wav;mfcribbon-ms</Extensions>
    </Filter>
    <Filter Include="Unmodified Files">
      <UniqueIdentifier>{93995380-89BD-4b04-88EB-625FBE52EBFB}</UniqueIdentifier>
      <Extensions>h;hh;hpp;hxx;hm;inl;inc;ipp;xsd</Extensions>
    </Filter>
    <Filter Include="Added Files">
      <UniqueIdentifier>{4FC737F1-C7A5-4376-A066-2A32D752A2FF}</UniqueIdentifier>
      <Extensions>cpp;c;cc;cxx;def;odl;idl;hpj;bat;asm;asmx</Extensions>
    </Filter>
    <Filter Include="Altered Files">
      <UniqueIdentifier>{217fa599-c857-42f3-9a1d-79f007a8c534}</UniqueIdentifier>
    </Filter>
  </ItemGroup>
  <ItemGroup>
    <ClCompile Include="Entity.cpp">
      <Filter>Unmodified Files</Filter>
    </ClCompile>
    <ClCompile Include="FrameResource.cpp">
      <Filter>Unmodified Files</Filter>
    </ClCompile>
    <ClCompile Include="SceneNode.cpp">
      <Filter>Unmodified Files</Filter>
    </ClCompile>
    <ClCompile Include="..\..\Common\Camera.cpp">
      <Filter>Never Touch Ever</Filter>
    </ClCompile>
    <ClCompile Include="..\..\Common\d3dApp.cpp">
      <Filter>Never Touch Ever</Filter>
    </ClCompile>
    <ClCompile Include="..\..\Common\d3dUtil.cpp">
      <Filter>Never Touch Ever</Filter>
    </ClCompile>
    <ClCompile Include="..\..\Common\DDSTextureLoader.cpp">
      <Filter>Never Touch Ever</Filter>
    </ClCompile>
    <ClCompile Include="..\..\Common\GameTimer.cpp">
      <Filter>Never Touch Ever</Filter>
    </ClCompile>
    <ClCompile Include="..\..\Common\GeometryGenerator.cpp">
      <Filter>Never Touch Ever</Filter>
    </ClCompile>
    <ClCompile Include="..\..\Common\MathHelper.cpp">
      <Filter>Never Touch Ever</Filter>
    </ClCompile>
    <ClCompile Include="main.cpp">
      <Filter>Never Touch Ever</Filter>
    </ClCompile>
    <ClCompile Include="Player.cpp">
      <Filter>Added Files</Filter>
    </ClCompile>
    <ClCompile Include="Enemy.cpp">
      <Filter>Added Files</Filter>
    </ClCompile>
    <ClCompile Include="Input.cpp">
      <Filter>Added Files</Filter>
    </ClCompile>
    <ClCompile Include="GameState.cpp">
      <Filter>Added Files</Filter>
    </ClCompile>
    <ClCompile Include="TitleState.cpp">
      <Filter>Added Files</Filter>
    </ClCompile>
    <ClCompile Include="World.cpp">
      <Filter>Altered Files</Filter>
    </ClCompile>
    <ClCompile Include="SpriteNode.cpp">
      <Filter>Altered Files</Filter>
    </ClCompile>
    <ClCompile Include="Game.cpp">
      <Filter>Altered Files</Filter>
    </ClCompile>
    <ClCompile Include="MenuState.cpp">
      <Filter>Added Files</Filter>
    </ClCompile>
    <ClCompile Include="InstructionState.cpp">
      <Filter>Added Files</Filter>
    </ClCompile>
    <ClCompile Include="State.cpp">
      <Filter>Added Files</Filter>
    </ClCompile>
  </ItemGroup>
  <ItemGroup>
    <ClInclude Include="Entity.hpp">
      <Filter>Unmodified Files</Filter>
    </ClInclude>
    <ClInclude Include="FrameResource.h">
      <Filter>Unmodified Files</Filter>
    </ClInclude>
    <ClInclude Include="SceneNode.hpp">
      <Filter>Unmodified Files</Filter>
    </ClInclude>
    <ClInclude Include="..\..\Common\Camera.h">
      <Filter>Never Touch Ever</Filter>
    </ClInclude>
    <ClInclude Include="..\..\Common\d3dApp.h">
      <Filter>Never Touch Ever</Filter>
    </ClInclude>
    <ClInclude Include="..\..\Common\d3dUtil.h">
      <Filter>Never Touch Ever</Filter>
    </ClInclude>
    <ClInclude Include="..\..\Common\d3dx12.h">
      <Filter>Never Touch Ever</Filter>
    </ClInclude>
    <ClInclude Include="..\..\Common\DDSTextureLoader.h">
      <Filter>Never Touch Ever</Filter>
    </ClInclude>
    <ClInclude Include="..\..\Common\GameTimer.h">
      <Filter>Never Touch Ever</Filter>
    </ClInclude>
    <ClInclude Include="..\..\Common\GeometryGenerator.h">
      <Filter>Never Touch Ever</Filter>
    </ClInclude>
    <ClInclude Include="..\..\Common\MathHelper.h">
      <Filter>Never Touch Ever</Filter>
    </ClInclude>
    <ClInclude Include="..\..\Common\UploadBuffer.h">
      <Filter>Never Touch Ever</Filter>
    </ClInclude>
    <ClInclude Include="Player.h">
      <Filter>Added Files</Filter>
    </ClInclude>
    <ClInclude Include="Enemy.h">
      <Filter>Added Files</Filter>
    </ClInclude>
    <ClInclude Include="Input.h">
      <Filter>Added Files</Filter>
    </ClInclude>
    <ClInclude Include="StateList.h">
      <Filter>Added Files</Filter>
    </ClInclude>
    <ClInclude Include="GameState.h">
      <Filter>Added Files</Filter>
    </ClInclude>
    <ClInclude Include="TitleState.h">
      <Filter>Added Files</Filter>
    </ClInclude>
    <ClInclude Include="World.hpp">
      <Filter>Altered Files</Filter>
    </ClInclude>
    <ClInclude Include="Game.hpp">
      <Filter>Altered Files</Filter>
    </ClInclude>
    <ClInclude Include="SpriteNode.h">
      <Filter>Altered Files</Filter>
    </ClInclude>
    <ClInclude Include="MenuState.h">
      <Filter>Added Files</Filter>
    </ClInclude>
    <ClInclude Include="InstructionState.h">
      <Filter>Added Files</Filter>
    </ClInclude>
    <ClInclude Include="State.h">
      <Filter>Added Files</Filter>
    </ClInclude>
  </ItemGroup>
</Project>